
Microsoft Visual Studio Solution File, Format Version 12.00
Project("{FAE04EC0-301F-11D3-BF4B-00C04F79EFBC}") = "User.WebAPI", "User.WebAPI\User.WebAPI.csproj", "{B97E71B6-B5E4-43D8-B1B7-D5AEBCD949AE}"
EndProject
Project("{2150E333-8FDC-42A3-9474-1A3956D46DE8}") = "Core", "Core", "{E8481ED0-A321-45E8-9D9E-101FFA37A72A}"
EndProject
Project("{FAE04EC0-301F-11D3-BF4B-00C04F79EFBC}") = "Application", "Application\Application.csproj", "{06B32279-8A47-4271-B683-9382347D5993}"
EndProject
Project("{FAE04EC0-301F-11D3-BF4B-00C04F79EFBC}") = "Domain", "Domain\Domain.csproj", "{31FD8C90-F622-41EF-88E5-65A75204C6DE}"
EndProject
Project("{FAE04EC0-301F-11D3-BF4B-00C04F79EFBC}") = "User.Infrastructure", "User.Infrastructure\User.Infrastructure.csproj", "{9496B0F5-28A7-48EF-BD78-9C59B43866C3}"
EndProject
Project("{2150E333-8FDC-42A3-9474-1A3956D46DE8}") = "Infrastructure", "Infrastructure", "{BF048B12-5ACD-44B6-AD09-BCF760B047B9}"
EndProject
Project("{FAE04EC0-301F-11D3-BF4B-00C04F79EFBC}") = "User.Core", "User.Core\User.Core.csproj", "{DE9D25D5-BD49-4F9F-9B34-C44A4BE5695D}"
EndProject
Project("{FAE04EC0-301F-11D3-BF4B-00C04F79EFBC}") = "Chat.Infrastructure", "Chat.Infrastructure\Chat.Infrastructure.csproj", "{B01288B0-ACBB-4333-8C36-5D8F59A86B69}"
EndProject
Project("{FAE04EC0-301F-11D3-BF4B-00C04F79EFBC}") = "Application.Infrastructure", "Application.Infrastructure\Application.Infrastructure.csproj", "{E3F25586-46AC-40F5-A7EB-DD3391098245}"
EndProject
Project("{FAE04EC0-301F-11D3-BF4B-00C04F79EFBC}") = "Chat.Core", "Chat.Core\Chat.Core.csproj", "{0436B7C6-C547-43FE-950E-633AD3DAA635}"
EndProject
Global
	GlobalSection(SolutionConfigurationPlatforms) = preSolution
		Debug|Any CPU = Debug|Any CPU
		Release|Any CPU = Release|Any CPU
	EndGlobalSection
	GlobalSection(ProjectConfigurationPlatforms) = postSolution
		{B97E71B6-B5E4-43D8-B1B7-D5AEBCD949AE}.Debug|Any CPU.ActiveCfg = Debug|Any CPU
		{B97E71B6-B5E4-43D8-B1B7-D5AEBCD949AE}.Debug|Any CPU.Build.0 = Debug|Any CPU
		{B97E71B6-B5E4-43D8-B1B7-D5AEBCD949AE}.Release|Any CPU.ActiveCfg = Release|Any CPU
		{B97E71B6-B5E4-43D8-B1B7-D5AEBCD949AE}.Release|Any CPU.Build.0 = Release|Any CPU
		{06B32279-8A47-4271-B683-9382347D5993}.Debug|Any CPU.ActiveCfg = Debug|Any CPU
		{06B32279-8A47-4271-B683-9382347D5993}.Debug|Any CPU.Build.0 = Debug|Any CPU
		{06B32279-8A47-4271-B683-9382347D5993}.Release|Any CPU.ActiveCfg = Release|Any CPU
		{06B32279-8A47-4271-B683-9382347D5993}.Release|Any CPU.Build.0 = Release|Any CPU
		{31FD8C90-F622-41EF-88E5-65A75204C6DE}.Debug|Any CPU.ActiveCfg = Debug|Any CPU
		{31FD8C90-F622-41EF-88E5-65A75204C6DE}.Debug|Any CPU.Build.0 = Debug|Any CPU
		{31FD8C90-F622-41EF-88E5-65A75204C6DE}.Release|Any CPU.ActiveCfg = Release|Any CPU
		{31FD8C90-F622-41EF-88E5-65A75204C6DE}.Release|Any CPU.Build.0 = Release|Any CPU
		{9496B0F5-28A7-48EF-BD78-9C59B43866C3}.Debug|Any CPU.ActiveCfg = Debug|Any CPU
		{9496B0F5-28A7-48EF-BD78-9C59B43866C3}.Debug|Any CPU.Build.0 = Debug|Any CPU
		{9496B0F5-28A7-48EF-BD78-9C59B43866C3}.Release|Any CPU.ActiveCfg = Release|Any CPU
		{9496B0F5-28A7-48EF-BD78-9C59B43866C3}.Release|Any CPU.Build.0 = Release|Any CPU
		{DE9D25D5-BD49-4F9F-9B34-C44A4BE5695D}.Debug|Any CPU.ActiveCfg = Debug|Any CPU
		{DE9D25D5-BD49-4F9F-9B34-C44A4BE5695D}.Debug|Any CPU.Build.0 = Debug|Any CPU
		{DE9D25D5-BD49-4F9F-9B34-C44A4BE5695D}.Release|Any CPU.ActiveCfg = Release|Any CPU
		{DE9D25D5-BD49-4F9F-9B34-C44A4BE5695D}.Release|Any CPU.Build.0 = Release|Any CPU
		{B01288B0-ACBB-4333-8C36-5D8F59A86B69}.Debug|Any CPU.ActiveCfg = Debug|Any CPU
		{B01288B0-ACBB-4333-8C36-5D8F59A86B69}.Debug|Any CPU.Build.0 = Debug|Any CPU
		{B01288B0-ACBB-4333-8C36-5D8F59A86B69}.Release|Any CPU.ActiveCfg = Release|Any CPU
		{B01288B0-ACBB-4333-8C36-5D8F59A86B69}.Release|Any CPU.Build.0 = Release|Any CPU
		{E3F25586-46AC-40F5-A7EB-DD3391098245}.Debug|Any CPU.ActiveCfg = Debug|Any CPU
		{E3F25586-46AC-40F5-A7EB-DD3391098245}.Debug|Any CPU.Build.0 = Debug|Any CPU
		{E3F25586-46AC-40F5-A7EB-DD3391098245}.Release|Any CPU.ActiveCfg = Release|Any CPU
		{E3F25586-46AC-40F5-A7EB-DD3391098245}.Release|Any CPU.Build.0 = Release|Any CPU
		{0436B7C6-C547-43FE-950E-633AD3DAA635}.Debug|Any CPU.ActiveCfg = Debug|Any CPU
		{0436B7C6-C547-43FE-950E-633AD3DAA635}.Debug|Any CPU.Build.0 = Debug|Any CPU
		{0436B7C6-C547-43FE-950E-633AD3DAA635}.Release|Any CPU.ActiveCfg = Release|Any CPU
		{0436B7C6-C547-43FE-950E-633AD3DAA635}.Release|Any CPU.Build.0 = Release|Any CPU
	EndGlobalSection
	GlobalSection(NestedProjects) = preSolution
		{06B32279-8A47-4271-B683-9382347D5993} = {E8481ED0-A321-45E8-9D9E-101FFA37A72A}
		{31FD8C90-F622-41EF-88E5-65A75204C6DE} = {E8481ED0-A321-45E8-9D9E-101FFA37A72A}
		{9496B0F5-28A7-48EF-BD78-9C59B43866C3} = {BF048B12-5ACD-44B6-AD09-BCF760B047B9}
		{DE9D25D5-BD49-4F9F-9B34-C44A4BE5695D} = {E8481ED0-A321-45E8-9D9E-101FFA37A72A}
		{B01288B0-ACBB-4333-8C36-5D8F59A86B69} = {BF048B12-5ACD-44B6-AD09-BCF760B047B9}
		{E3F25586-46AC-40F5-A7EB-DD3391098245} = {BF048B12-5ACD-44B6-AD09-BCF760B047B9}
		{0436B7C6-C547-43FE-950E-633AD3DAA635} = {E8481ED0-A321-45E8-9D9E-101FFA37A72A}
	EndGlobalSection
EndGlobal
