
Microsoft Visual Studio Solution File, Format Version 12.00
Project("{FAE04EC0-301F-11D3-BF4B-00C04F79EFBC}") = "UserService", "UserService\UserService.csproj", "{B97E71B6-B5E4-43D8-B1B7-D5AEBCD949AE}"
EndProject
Project("{2150E333-8FDC-42A3-9474-1A3956D46DE8}") = "Core", "Core", "{E8481ED0-A321-45E8-9D9E-101FFA37A72A}"
EndProject
Project("{FAE04EC0-301F-11D3-BF4B-00C04F79EFBC}") = "Application", "Application\Application.csproj", "{06B32279-8A47-4271-B683-9382347D5993}"
EndProject
Project("{FAE04EC0-301F-11D3-BF4B-00C04F79EFBC}") = "Domain", "Domain\Domain.csproj", "{31FD8C90-F622-41EF-88E5-65A75204C6DE}"
EndProject
Project("{FAE04EC0-301F-11D3-BF4B-00C04F79EFBC}") = "Infrastructure", "Infrastructure\Infrastructure.csproj", "{9496B0F5-28A7-48EF-BD78-9C59B43866C3}"
EndProject
Global
	GlobalSection(SolutionConfigurationPlatforms) = preSolution
		Debug|Any CPU = Debug|Any CPU
		Release|Any CPU = Release|Any CPU
	EndGlobalSection
	GlobalSection(ProjectConfigurationPlatforms) = postSolution
		{B97E71B6-B5E4-43D8-B1B7-D5AEBCD949AE}.Debug|Any CPU.ActiveCfg = Debug|Any CPU
		{B97E71B6-B5E4-43D8-B1B7-D5AEBCD949AE}.Debug|Any CPU.Build.0 = Debug|Any CPU
		{B97E71B6-B5E4-43D8-B1B7-D5AEBCD949AE}.Release|Any CPU.ActiveCfg = Release|Any CPU
		{B97E71B6-B5E4-43D8-B1B7-D5AEBCD949AE}.Release|Any CPU.Build.0 = Release|Any CPU
		{06B32279-8A47-4271-B683-9382347D5993}.Debug|Any CPU.ActiveCfg = Debug|Any CPU
		{06B32279-8A47-4271-B683-9382347D5993}.Debug|Any CPU.Build.0 = Debug|Any CPU
		{06B32279-8A47-4271-B683-9382347D5993}.Release|Any CPU.ActiveCfg = Release|Any CPU
		{06B32279-8A47-4271-B683-9382347D5993}.Release|Any CPU.Build.0 = Release|Any CPU
		{31FD8C90-F622-41EF-88E5-65A75204C6DE}.Debug|Any CPU.ActiveCfg = Debug|Any CPU
		{31FD8C90-F622-41EF-88E5-65A75204C6DE}.Debug|Any CPU.Build.0 = Debug|Any CPU
		{31FD8C90-F622-41EF-88E5-65A75204C6DE}.Release|Any CPU.ActiveCfg = Release|Any CPU
		{31FD8C90-F622-41EF-88E5-65A75204C6DE}.Release|Any CPU.Build.0 = Release|Any CPU
		{9496B0F5-28A7-48EF-BD78-9C59B43866C3}.Debug|Any CPU.ActiveCfg = Debug|Any CPU
		{9496B0F5-28A7-48EF-BD78-9C59B43866C3}.Debug|Any CPU.Build.0 = Debug|Any CPU
		{9496B0F5-28A7-48EF-BD78-9C59B43866C3}.Release|Any CPU.ActiveCfg = Release|Any CPU
		{9496B0F5-28A7-48EF-BD78-9C59B43866C3}.Release|Any CPU.Build.0 = Release|Any CPU
	EndGlobalSection
	GlobalSection(NestedProjects) = preSolution
		{06B32279-8A47-4271-B683-9382347D5993} = {E8481ED0-A321-45E8-9D9E-101FFA37A72A}
		{31FD8C90-F622-41EF-88E5-65A75204C6DE} = {E8481ED0-A321-45E8-9D9E-101FFA37A72A}
	EndGlobalSection
EndGlobal
